
Microsoft Visual Studio Solution File, Format Version 12.00
# Visual Studio Version 17
VisualStudioVersion = 17.4.33213.308
MinimumVisualStudioVersion = 10.0.40219.1
Project("{9A19103F-16F7-4668-BE54-9A1E7A4F7556}") = "WebApp", "WebApp\WebApp.csproj", "{594B9326-57DF-4B84-B32C-7BE11915017A}"
EndProject
Project("{9A19103F-16F7-4668-BE54-9A1E7A4F7556}") = "Domain", "Domain\Domain.csproj", "{A1D39978-C923-401C-8277-DD7BDC0CC4B8}"
EndProject
Project("{9A19103F-16F7-4668-BE54-9A1E7A4F7556}") = "Entities", "Entities\Entities.csproj", "{E5EBD041-17C0-44D7-A2B5-070E4E6DD1BA}"
EndProject
Project("{9A19103F-16F7-4668-BE54-9A1E7A4F7556}") = "Context", "Context\Context.csproj", "{B29C3FE9-6759-49CB-AE39-CA8D671CBC9A}"
EndProject
Project("{9A19103F-16F7-4668-BE54-9A1E7A4F7556}") = "Repositories", "Repositories\Repositories.csproj", "{9792377B-AEE8-4911-9CBD-A4AAE835FA58}"
EndProject
Project("{FAE04EC0-301F-11D3-BF4B-00C04F79EFBC}") = "BL", "BL\BL.csproj", "{8528CE77-D5AB-4BD1-8742-82EEF2EF77CA}"
EndProject
Project("{2150E333-8FDC-42A3-9474-1A3956D46DE8}") = "DataDomain", "DataDomain", "{727EB12A-9F76-4185-AC83-D3D953394285}"
EndProject
Project("{2150E333-8FDC-42A3-9474-1A3956D46DE8}") = "BLL", "BLL", "{0F2F9EEC-DB15-49F4-B186-76C0A0EBFEB8}"
EndProject
Global
	GlobalSection(SolutionConfigurationPlatforms) = preSolution
		Debug|Any CPU = Debug|Any CPU
		Release|Any CPU = Release|Any CPU
	EndGlobalSection
	GlobalSection(ProjectConfigurationPlatforms) = postSolution
		{594B9326-57DF-4B84-B32C-7BE11915017A}.Debug|Any CPU.ActiveCfg = Debug|Any CPU
		{594B9326-57DF-4B84-B32C-7BE11915017A}.Debug|Any CPU.Build.0 = Debug|Any CPU
		{594B9326-57DF-4B84-B32C-7BE11915017A}.Release|Any CPU.ActiveCfg = Release|Any CPU
		{594B9326-57DF-4B84-B32C-7BE11915017A}.Release|Any CPU.Build.0 = Release|Any CPU
		{A1D39978-C923-401C-8277-DD7BDC0CC4B8}.Debug|Any CPU.ActiveCfg = Debug|Any CPU
		{A1D39978-C923-401C-8277-DD7BDC0CC4B8}.Debug|Any CPU.Build.0 = Debug|Any CPU
		{A1D39978-C923-401C-8277-DD7BDC0CC4B8}.Release|Any CPU.ActiveCfg = Release|Any CPU
		{A1D39978-C923-401C-8277-DD7BDC0CC4B8}.Release|Any CPU.Build.0 = Release|Any CPU
		{E5EBD041-17C0-44D7-A2B5-070E4E6DD1BA}.Debug|Any CPU.ActiveCfg = Debug|Any CPU
		{E5EBD041-17C0-44D7-A2B5-070E4E6DD1BA}.Debug|Any CPU.Build.0 = Debug|Any CPU
		{E5EBD041-17C0-44D7-A2B5-070E4E6DD1BA}.Release|Any CPU.ActiveCfg = Release|Any CPU
		{E5EBD041-17C0-44D7-A2B5-070E4E6DD1BA}.Release|Any CPU.Build.0 = Release|Any CPU
		{B29C3FE9-6759-49CB-AE39-CA8D671CBC9A}.Debug|Any CPU.ActiveCfg = Debug|Any CPU
		{B29C3FE9-6759-49CB-AE39-CA8D671CBC9A}.Debug|Any CPU.Build.0 = Debug|Any CPU
		{B29C3FE9-6759-49CB-AE39-CA8D671CBC9A}.Release|Any CPU.ActiveCfg = Release|Any CPU
		{B29C3FE9-6759-49CB-AE39-CA8D671CBC9A}.Release|Any CPU.Build.0 = Release|Any CPU
		{9792377B-AEE8-4911-9CBD-A4AAE835FA58}.Debug|Any CPU.ActiveCfg = Debug|Any CPU
		{9792377B-AEE8-4911-9CBD-A4AAE835FA58}.Debug|Any CPU.Build.0 = Debug|Any CPU
		{9792377B-AEE8-4911-9CBD-A4AAE835FA58}.Release|Any CPU.ActiveCfg = Release|Any CPU
		{9792377B-AEE8-4911-9CBD-A4AAE835FA58}.Release|Any CPU.Build.0 = Release|Any CPU
		{8528CE77-D5AB-4BD1-8742-82EEF2EF77CA}.Debug|Any CPU.ActiveCfg = Debug|Any CPU
		{8528CE77-D5AB-4BD1-8742-82EEF2EF77CA}.Debug|Any CPU.Build.0 = Debug|Any CPU
		{8528CE77-D5AB-4BD1-8742-82EEF2EF77CA}.Release|Any CPU.ActiveCfg = Release|Any CPU
		{8528CE77-D5AB-4BD1-8742-82EEF2EF77CA}.Release|Any CPU.Build.0 = Release|Any CPU
	EndGlobalSection
	GlobalSection(SolutionProperties) = preSolution
		HideSolutionNode = FALSE
	EndGlobalSection
	GlobalSection(NestedProjects) = preSolution
		{A1D39978-C923-401C-8277-DD7BDC0CC4B8} = {727EB12A-9F76-4185-AC83-D3D953394285}
		{E5EBD041-17C0-44D7-A2B5-070E4E6DD1BA} = {727EB12A-9F76-4185-AC83-D3D953394285}
		{B29C3FE9-6759-49CB-AE39-CA8D671CBC9A} = {727EB12A-9F76-4185-AC83-D3D953394285}
		{9792377B-AEE8-4911-9CBD-A4AAE835FA58} = {727EB12A-9F76-4185-AC83-D3D953394285}
		{8528CE77-D5AB-4BD1-8742-82EEF2EF77CA} = {0F2F9EEC-DB15-49F4-B186-76C0A0EBFEB8}
	EndGlobalSection
	GlobalSection(ExtensibilityGlobals) = postSolution
		SolutionGuid = {2C623176-C859-4762-9664-6F2B1A8EBDB3}
	EndGlobalSection
EndGlobal
